
Microsoft Visual Studio Solution File, Format Version 12.00
# Visual Studio Version 16
VisualStudioVersion = 16.0.30011.22
MinimumVisualStudioVersion = 10.0.40219.1
Project("{9A19103F-16F7-4668-BE54-9A1E7A4F7556}") = "Projeto-Git", "Projeto-Git\Projeto-Git.csproj", "{3DDBA1A4-09BB-47BC-91CC-207FEE3FF595}"
EndProject
Project("{9A19103F-16F7-4668-BE54-9A1E7A4F7556}") = "Company", "Company\Company.csproj", "{87268632-3EC4-4D30-8FF2-D6934006F306}"
EndProject
Project("{9A19103F-16F7-4668-BE54-9A1E7A4F7556}") = "Customs", "Customs\Customs.csproj", "{6A12C7B5-B0EC-4020-8EF2-6EFB181D6535}"
EndProject
Project("{FAE04EC0-301F-11D3-BF4B-00C04F79EFBC}") = "Taxes", "Taxes\Taxes.csproj", "{6F05492B-FE3E-4113-AA6C-5564054317C6}"
EndProject
Global
	GlobalSection(SolutionConfigurationPlatforms) = preSolution
		Debug|Any CPU = Debug|Any CPU
		Release|Any CPU = Release|Any CPU
	EndGlobalSection
	GlobalSection(ProjectConfigurationPlatforms) = postSolution
		{3DDBA1A4-09BB-47BC-91CC-207FEE3FF595}.Debug|Any CPU.ActiveCfg = Debug|Any CPU
		{3DDBA1A4-09BB-47BC-91CC-207FEE3FF595}.Debug|Any CPU.Build.0 = Debug|Any CPU
		{3DDBA1A4-09BB-47BC-91CC-207FEE3FF595}.Release|Any CPU.ActiveCfg = Release|Any CPU
		{3DDBA1A4-09BB-47BC-91CC-207FEE3FF595}.Release|Any CPU.Build.0 = Release|Any CPU
		{87268632-3EC4-4D30-8FF2-D6934006F306}.Debug|Any CPU.ActiveCfg = Debug|Any CPU
		{87268632-3EC4-4D30-8FF2-D6934006F306}.Debug|Any CPU.Build.0 = Debug|Any CPU
		{87268632-3EC4-4D30-8FF2-D6934006F306}.Release|Any CPU.ActiveCfg = Release|Any CPU
		{87268632-3EC4-4D30-8FF2-D6934006F306}.Release|Any CPU.Build.0 = Release|Any CPU
		{6A12C7B5-B0EC-4020-8EF2-6EFB181D6535}.Debug|Any CPU.ActiveCfg = Debug|Any CPU
		{6A12C7B5-B0EC-4020-8EF2-6EFB181D6535}.Debug|Any CPU.Build.0 = Debug|Any CPU
		{6A12C7B5-B0EC-4020-8EF2-6EFB181D6535}.Release|Any CPU.ActiveCfg = Release|Any CPU
		{6A12C7B5-B0EC-4020-8EF2-6EFB181D6535}.Release|Any CPU.Build.0 = Release|Any CPU
		{6F05492B-FE3E-4113-AA6C-5564054317C6}.Debug|Any CPU.ActiveCfg = Debug|Any CPU
		{6F05492B-FE3E-4113-AA6C-5564054317C6}.Debug|Any CPU.Build.0 = Debug|Any CPU
		{6F05492B-FE3E-4113-AA6C-5564054317C6}.Release|Any CPU.ActiveCfg = Release|Any CPU
		{6F05492B-FE3E-4113-AA6C-5564054317C6}.Release|Any CPU.Build.0 = Release|Any CPU
	EndGlobalSection
	GlobalSection(SolutionProperties) = preSolution
		HideSolutionNode = FALSE
	EndGlobalSection
	GlobalSection(ExtensibilityGlobals) = postSolution
		SolutionGuid = {CD8348C6-7483-4E1B-B6D6-567CC5069F59}
	EndGlobalSection
EndGlobal
